// !$*UTF8*$!
{
	archiveVersion = 1;
	classes = {
	};
	objectVersion = 50;
	objects = {

/* Begin PBXBuildFile section */
		A6CE866826E2688600C437C1 /* AppDelegate.swift in Sources */ = {isa = PBXBuildFile; fileRef = A6CE866726E2688600C437C1 /* AppDelegate.swift */; };
		A6CE866A26E2688600C437C1 /* SceneDelegate.swift in Sources */ = {isa = PBXBuildFile; fileRef = A6CE866926E2688600C437C1 /* SceneDelegate.swift */; };
		A6CE866C26E2688600C437C1 /* ViewController.swift in Sources */ = {isa = PBXBuildFile; fileRef = A6CE866B26E2688600C437C1 /* ViewController.swift */; };
		A6CE866F26E2688600C437C1 /* Main.storyboard in Resources */ = {isa = PBXBuildFile; fileRef = A6CE866D26E2688600C437C1 /* Main.storyboard */; };
		A6CE867126E2688A00C437C1 /* Assets.xcassets in Resources */ = {isa = PBXBuildFile; fileRef = A6CE867026E2688A00C437C1 /* Assets.xcassets */; };
		A6CE867426E2688A00C437C1 /* LaunchScreen.storyboard in Resources */ = {isa = PBXBuildFile; fileRef = A6CE867226E2688A00C437C1 /* LaunchScreen.storyboard */; };
		A6CE867F26E2688A00C437C1 /* PreWorkTests.swift in Sources */ = {isa = PBXBuildFile; fileRef = A6CE867E26E2688A00C437C1 /* PreWorkTests.swift */; };
		A6CE868A26E2688A00C437C1 /* PreWorkUITests.swift in Sources */ = {isa = PBXBuildFile; fileRef = A6CE868926E2688A00C437C1 /* PreWorkUITests.swift */; };
/* End PBXBuildFile section */

/* Begin PBXContainerItemProxy section */
		A6CE867B26E2688A00C437C1 /* PBXContainerItemProxy */ = {
			isa = PBXContainerItemProxy;
			containerPortal = A6CE865C26E2688500C437C1 /* Project object */;
			proxyType = 1;
			remoteGlobalIDString = A6CE866326E2688600C437C1;
			remoteInfo = PreWork;
		};
		A6CE868626E2688A00C437C1 /* PBXContainerItemProxy */ = {
			isa = PBXContainerItemProxy;
			containerPortal = A6CE865C26E2688500C437C1 /* Project object */;
			proxyType = 1;
			remoteGlobalIDString = A6CE866326E2688600C437C1;
			remoteInfo = PreWork;
		};
/* End PBXContainerItemProxy section */

/* Begin PBXFileReference section */
		A6CE866426E2688600C437C1 /* PreWork.app */ = {isa = PBXFileReference; explicitFileType = wrapper.application; includeInIndex = 0; path = PreWork.app; sourceTree = BUILT_PRODUCTS_DIR; };
		A6CE866726E2688600C437C1 /* AppDelegate.swift */ = {isa = PBXFileReference; lastKnownFileType = sourcecode.swift; path = AppDelegate.swift; sourceTree = "<group>"; };
		A6CE866926E2688600C437C1 /* SceneDelegate.swift */ = {isa = PBXFileReference; lastKnownFileType = sourcecode.swift; path = SceneDelegate.swift; sourceTree = "<group>"; };
		A6CE866B26E2688600C437C1 /* ViewController.swift */ = {isa = PBXFileReference; lastKnownFileType = sourcecode.swift; path = ViewController.swift; sourceTree = "<group>"; };
		A6CE866E26E2688600C437C1 /* Base */ = {isa = PBXFileReference; lastKnownFileType = file.storyboard; name = Base; path = Base.lproj/Main.storyboard; sourceTree = "<group>"; };
		A6CE867026E2688A00C437C1 /* Assets.xcassets */ = {isa = PBXFileReference; lastKnownFileType = folder.assetcatalog; path = Assets.xcassets; sourceTree = "<group>"; };
		A6CE867326E2688A00C437C1 /* Base */ = {isa = PBXFileReference; lastKnownFileType = file.storyboard; name = Base; path = Base.lproj/LaunchScreen.storyboard; sourceTree = "<group>"; };
		A6CE867526E2688A00C437C1 /* Info.plist */ = {isa = PBXFileReference; lastKnownFileType = text.plist.xml; path = Info.plist; sourceTree = "<group>"; };
		A6CE867A26E2688A00C437C1 /* PreWorkTests.xctest */ = {isa = PBXFileReference; explicitFileType = wrapper.cfbundle; includeInIndex = 0; path = PreWorkTests.xctest; sourceTree = BUILT_PRODUCTS_DIR; };
		A6CE867E26E2688A00C437C1 /* PreWorkTests.swift */ = {isa = PBXFileReference; lastKnownFileType = sourcecode.swift; path = PreWorkTests.swift; sourceTree = "<group>"; };
		A6CE868026E2688A00C437C1 /* Info.plist */ = {isa = PBXFileReference; lastKnownFileType = text.plist.xml; path = Info.plist; sourceTree = "<group>"; };
		A6CE868526E2688A00C437C1 /* PreWorkUITests.xctest */ = {isa = PBXFileReference; explicitFileType = wrapper.cfbundle; includeInIndex = 0; path = PreWorkUITests.xctest; sourceTree = BUILT_PRODUCTS_DIR; };
		A6CE868926E2688A00C437C1 /* PreWorkUITests.swift */ = {isa = PBXFileReference; lastKnownFileType = sourcecode.swift; path = PreWorkUITests.swift; sourceTree = "<group>"; };
		A6CE868B26E2688A00C437C1 /* Info.plist */ = {isa = PBXFileReference; lastKnownFileType = text.plist.xml; path = Info.plist; sourceTree = "<group>"; };
/* End PBXFileReference section */

/* Begin PBXFrameworksBuildPhase section */
		A6CE866126E2688600C437C1 /* Frameworks */ = {
			isa = PBXFrameworksBuildPhase;
			buildActionMask = 2147483647;
			files = (
			);
			runOnlyForDeploymentPostprocessing = 0;
		};
		A6CE867726E2688A00C437C1 /* Frameworks */ = {
			isa = PBXFrameworksBuildPhase;
			buildActionMask = 2147483647;
			files = (
			);
			runOnlyForDeploymentPostprocessing = 0;
		};
		A6CE868226E2688A00C437C1 /* Frameworks */ = {
			isa = PBXFrameworksBuildPhase;
			buildActionMask = 2147483647;
			files = (
			);
			runOnlyForDeploymentPostprocessing = 0;
		};
/* End PBXFrameworksBuildPhase section */

/* Begin PBXGroup section */
		A6CE865B26E2688500C437C1 = {
			isa = PBXGroup;
			children = (
				A6CE866626E2688600C437C1 /* PreWork */,
				A6CE867D26E2688A00C437C1 /* PreWorkTests */,
				A6CE868826E2688A00C437C1 /* PreWorkUITests */,
				A6CE866526E2688600C437C1 /* Products */,
			);
			sourceTree = "<group>";
		};
		A6CE866526E2688600C437C1 /* Products */ = {
			isa = PBXGroup;
			children = (
				A6CE866426E2688600C437C1 /* PreWork.app */,
				A6CE867A26E2688A00C437C1 /* PreWorkTests.xctest */,
				A6CE868526E2688A00C437C1 /* PreWorkUITests.xctest */,
			);
			name = Products;
			sourceTree = "<group>";
		};
		A6CE866626E2688600C437C1 /* PreWork */ = {
			isa = PBXGroup;
			children = (
				A6CE866726E2688600C437C1 /* AppDelegate.swift */,
				A6CE866926E2688600C437C1 /* SceneDelegate.swift */,
				A6CE866B26E2688600C437C1 /* ViewController.swift */,
				A6CE866D26E2688600C437C1 /* Main.storyboard */,
				A6CE867026E2688A00C437C1 /* Assets.xcassets */,
				A6CE867226E2688A00C437C1 /* LaunchScreen.storyboard */,
				A6CE867526E2688A00C437C1 /* Info.plist */,
			);
			path = PreWork;
			sourceTree = "<group>";
		};
		A6CE867D26E2688A00C437C1 /* PreWorkTests */ = {
			isa = PBXGroup;
			children = (
				A6CE867E26E2688A00C437C1 /* PreWorkTests.swift */,
				A6CE868026E2688A00C437C1 /* Info.plist */,
			);
			path = PreWorkTests;
			sourceTree = "<group>";
		};
		A6CE868826E2688A00C437C1 /* PreWorkUITests */ = {
			isa = PBXGroup;
			children = (
				A6CE868926E2688A00C437C1 /* PreWorkUITests.swift */,
				A6CE868B26E2688A00C437C1 /* Info.plist */,
			);
			path = PreWorkUITests;
			sourceTree = "<group>";
		};
/* End PBXGroup section */

/* Begin PBXNativeTarget section */
		A6CE866326E2688600C437C1 /* PreWork */ = {
			isa = PBXNativeTarget;
			buildConfigurationList = A6CE868E26E2688A00C437C1 /* Build configuration list for PBXNativeTarget "PreWork" */;
			buildPhases = (
				A6CE866026E2688600C437C1 /* Sources */,
				A6CE866126E2688600C437C1 /* Frameworks */,
				A6CE866226E2688600C437C1 /* Resources */,
			);
			buildRules = (
			);
			dependencies = (
			);
			name = PreWork;
			productName = PreWork;
			productReference = A6CE866426E2688600C437C1 /* PreWork.app */;
			productType = "com.apple.product-type.application";
		};
		A6CE867926E2688A00C437C1 /* PreWorkTests */ = {
			isa = PBXNativeTarget;
			buildConfigurationList = A6CE869126E2688A00C437C1 /* Build configuration list for PBXNativeTarget "PreWorkTests" */;
			buildPhases = (
				A6CE867626E2688A00C437C1 /* Sources */,
				A6CE867726E2688A00C437C1 /* Frameworks */,
				A6CE867826E2688A00C437C1 /* Resources */,
			);
			buildRules = (
			);
			dependencies = (
				A6CE867C26E2688A00C437C1 /* PBXTargetDependency */,
			);
			name = PreWorkTests;
			productName = PreWorkTests;
			productReference = A6CE867A26E2688A00C437C1 /* PreWorkTests.xctest */;
			productType = "com.apple.product-type.bundle.unit-test";
		};
		A6CE868426E2688A00C437C1 /* PreWorkUITests */ = {
			isa = PBXNativeTarget;
			buildConfigurationList = A6CE869426E2688A00C437C1 /* Build configuration list for PBXNativeTarget "PreWorkUITests" */;
			buildPhases = (
				A6CE868126E2688A00C437C1 /* Sources */,
				A6CE868226E2688A00C437C1 /* Frameworks */,
				A6CE868326E2688A00C437C1 /* Resources */,
			);
			buildRules = (
			);
			dependencies = (
				A6CE868726E2688A00C437C1 /* PBXTargetDependency */,
			);
			name = PreWorkUITests;
			productName = PreWorkUITests;
			productReference = A6CE868526E2688A00C437C1 /* PreWorkUITests.xctest */;
			productType = "com.apple.product-type.bundle.ui-testing";
		};
/* End PBXNativeTarget section */

/* Begin PBXProject section */
		A6CE865C26E2688500C437C1 /* Project object */ = {
			isa = PBXProject;
			attributes = {
				LastSwiftUpdateCheck = 1250;
				LastUpgradeCheck = 1250;
				TargetAttributes = {
					A6CE866326E2688600C437C1 = {
						CreatedOnToolsVersion = 12.5.1;
					};
					A6CE867926E2688A00C437C1 = {
						CreatedOnToolsVersion = 12.5.1;
						TestTargetID = A6CE866326E2688600C437C1;
					};
					A6CE868426E2688A00C437C1 = {
						CreatedOnToolsVersion = 12.5.1;
						TestTargetID = A6CE866326E2688600C437C1;
					};
				};
			};
			buildConfigurationList = A6CE865F26E2688500C437C1 /* Build configuration list for PBXProject "PreWork" */;
			compatibilityVersion = "Xcode 9.3";
			developmentRegion = en;
			hasScannedForEncodings = 0;
			knownRegions = (
				en,
				Base,
			);
			mainGroup = A6CE865B26E2688500C437C1;
			productRefGroup = A6CE866526E2688600C437C1 /* Products */;
			projectDirPath = "";
			projectRoot = "";
			targets = (
				A6CE866326E2688600C437C1 /* PreWork */,
				A6CE867926E2688A00C437C1 /* PreWorkTests */,
				A6CE868426E2688A00C437C1 /* PreWorkUITests */,
			);
		};
/* End PBXProject section */

/* Begin PBXResourcesBuildPhase section */
		A6CE866226E2688600C437C1 /* Resources */ = {
			isa = PBXResourcesBuildPhase;
			buildActionMask = 2147483647;
			files = (
				A6CE867426E2688A00C437C1 /* LaunchScreen.storyboard in Resources */,
				A6CE867126E2688A00C437C1 /* Assets.xcassets in Resources */,
				A6CE866F26E2688600C437C1 /* Main.storyboard in Resources */,
			);
			runOnlyForDeploymentPostprocessing = 0;
		};
		A6CE867826E2688A00C437C1 /* Resources */ = {
			isa = PBXResourcesBuildPhase;
			buildActionMask = 2147483647;
			files = (
			);
			runOnlyForDeploymentPostprocessing = 0;
		};
		A6CE868326E2688A00C437C1 /* Resources */ = {
			isa = PBXResourcesBuildPhase;
			buildActionMask = 2147483647;
			files = (
			);
			runOnlyForDeploymentPostprocessing = 0;
		};
/* End PBXResourcesBuildPhase section */

/* Begin PBXSourcesBuildPhase section */
		A6CE866026E2688600C437C1 /* Sources */ = {
			isa = PBXSourcesBuildPhase;
			buildActionMask = 2147483647;
			files = (
				A6CE866C26E2688600C437C1 /* ViewController.swift in Sources */,
				A6CE866826E2688600C437C1 /* AppDelegate.swift in Sources */,
				A6CE866A26E2688600C437C1 /* SceneDelegate.swift in Sources */,
			);
			runOnlyForDeploymentPostprocessing = 0;
		};
		A6CE867626E2688A00C437C1 /* Sources */ = {
			isa = PBXSourcesBuildPhase;
			buildActionMask = 2147483647;
			files = (
				A6CE867F26E2688A00C437C1 /* PreWorkTests.swift in Sources */,
			);
			runOnlyForDeploymentPostprocessing = 0;
		};
		A6CE868126E2688A00C437C1 /* Sources */ = {
			isa = PBXSourcesBuildPhase;
			buildActionMask = 2147483647;
			files = (
				A6CE868A26E2688A00C437C1 /* PreWorkUITests.swift in Sources */,
			);
			runOnlyForDeploymentPostprocessing = 0;
		};
/* End PBXSourcesBuildPhase section */

/* Begin PBXTargetDependency section */
		A6CE867C26E2688A00C437C1 /* PBXTargetDependency */ = {
			isa = PBXTargetDependency;
			target = A6CE866326E2688600C437C1 /* PreWork */;
			targetProxy = A6CE867B26E2688A00C437C1 /* PBXContainerItemProxy */;
		};
		A6CE868726E2688A00C437C1 /* PBXTargetDependency */ = {
			isa = PBXTargetDependency;
			target = A6CE866326E2688600C437C1 /* PreWork */;
			targetProxy = A6CE868626E2688A00C437C1 /* PBXContainerItemProxy */;
		};
/* End PBXTargetDependency section */

/* Begin PBXVariantGroup section */
		A6CE866D26E2688600C437C1 /* Main.storyboard */ = {
			isa = PBXVariantGroup;
			children = (
				A6CE866E26E2688600C437C1 /* Base */,
			);
			name = Main.storyboard;
			sourceTree = "<group>";
		};
		A6CE867226E2688A00C437C1 /* LaunchScreen.storyboard */ = {
			isa = PBXVariantGroup;
			children = (
				A6CE867326E2688A00C437C1 /* Base */,
			);
			name = LaunchScreen.storyboard;
			sourceTree = "<group>";
		};
/* End PBXVariantGroup section */

/* Begin XCBuildConfiguration section */
		A6CE868C26E2688A00C437C1 /* Debug */ = {
			isa = XCBuildConfiguration;
			buildSettings = {
				ALWAYS_SEARCH_USER_PATHS = NO;
				CLANG_ANALYZER_NONNULL = YES;
				CLANG_ANALYZER_NUMBER_OBJECT_CONVERSION = YES_AGGRESSIVE;
				CLANG_CXX_LANGUAGE_STANDARD = "gnu++14";
				CLANG_CXX_LIBRARY = "libc++";
				CLANG_ENABLE_MODULES = YES;
				CLANG_ENABLE_OBJC_ARC = YES;
				CLANG_ENABLE_OBJC_WEAK = YES;
				CLANG_WARN_BLOCK_CAPTURE_AUTORELEASING = YES;
				CLANG_WARN_BOOL_CONVERSION = YES;
				CLANG_WARN_COMMA = YES;
				CLANG_WARN_CONSTANT_CONVERSION = YES;
				CLANG_WARN_DEPRECATED_OBJC_IMPLEMENTATIONS = YES;
				CLANG_WARN_DIRECT_OBJC_ISA_USAGE = YES_ERROR;
				CLANG_WARN_DOCUMENTATION_COMMENTS = YES;
				CLANG_WARN_EMPTY_BODY = YES;
				CLANG_WARN_ENUM_CONVERSION = YES;
				CLANG_WARN_INFINITE_RECURSION = YES;
				CLANG_WARN_INT_CONVERSION = YES;
				CLANG_WARN_NON_LITERAL_NULL_CONVERSION = YES;
				CLANG_WARN_OBJC_IMPLICIT_RETAIN_SELF = YES;
				CLANG_WARN_OBJC_LITERAL_CONVERSION = YES;
				CLANG_WARN_OBJC_ROOT_CLASS = YES_ERROR;
				CLANG_WARN_QUOTED_INCLUDE_IN_FRAMEWORK_HEADER = YES;
				CLANG_WARN_RANGE_LOOP_ANALYSIS = YES;
				CLANG_WARN_STRICT_PROTOTYPES = YES;
				CLANG_WARN_SUSPICIOUS_MOVE = YES;
				CLANG_WARN_UNGUARDED_AVAILABILITY = YES_AGGRESSIVE;
				CLANG_WARN_UNREACHABLE_CODE = YES;
				CLANG_WARN__DUPLICATE_METHOD_MATCH = YES;
				COPY_PHASE_STRIP = NO;
				DEBUG_INFORMATION_FORMAT = dwarf;
				ENABLE_STRICT_OBJC_MSGSEND = YES;
				ENABLE_TESTABILITY = YES;
				GCC_C_LANGUAGE_STANDARD = gnu11;
				GCC_DYNAMIC_NO_PIC = NO;
				GCC_NO_COMMON_BLOCKS = YES;
				GCC_OPTIMIZATION_LEVEL = 0;
				GCC_PREPROCESSOR_DEFINITIONS = (
					"DEBUG=1",
					"$(inherited)",
				);
				GCC_WARN_64_TO_32_BIT_CONVERSION = YES;
				GCC_WARN_ABOUT_RETURN_TYPE = YES_ERROR;
				GCC_WARN_UNDECLARED_SELECTOR = YES;
				GCC_WARN_UNINITIALIZED_AUTOS = YES_AGGRESSIVE;
				GCC_WARN_UNUSED_FUNCTION = YES;
				GCC_WARN_UNUSED_VARIABLE = YES;
				IPHONEOS_DEPLOYMENT_TARGET = 14.5;
				MTL_ENABLE_DEBUG_INFO = INCLUDE_SOURCE;
				MTL_FAST_MATH = YES;
				ONLY_ACTIVE_ARCH = YES;
				SDKROOT = iphoneos;
				SWIFT_ACTIVE_COMPILATION_CONDITIONS = DEBUG;
				SWIFT_OPTIMIZATION_LEVEL = "-Onone";
			};
			name = Debug;
		};
		A6CE868D26E2688A00C437C1 /* Release */ = {
			isa = XCBuildConfiguration;
			buildSettings = {
				ALWAYS_SEARCH_USER_PATHS = NO;
				CLANG_ANALYZER_NONNULL = YES;
				CLANG_ANALYZER_NUMBER_OBJECT_CONVERSION = YES_AGGRESSIVE;
				CLANG_CXX_LANGUAGE_STANDARD = "gnu++14";
				CLANG_CXX_LIBRARY = "libc++";
				CLANG_ENABLE_MODULES = YES;
				CLANG_ENABLE_OBJC_ARC = YES;
				CLANG_ENABLE_OBJC_WEAK = YES;
				CLANG_WARN_BLOCK_CAPTURE_AUTORELEASING = YES;
				CLANG_WARN_BOOL_CONVERSION = YES;
				CLANG_WARN_COMMA = YES;
				CLANG_WARN_CONSTANT_CONVERSION = YES;
				CLANG_WARN_DEPRECATED_OBJC_IMPLEMENTATIONS = YES;
				CLANG_WARN_DIRECT_OBJC_ISA_USAGE = YES_ERROR;
				CLANG_WARN_DOCUMENTATION_COMMENTS = YES;
				CLANG_WARN_EMPTY_BODY = YES;
				CLANG_WARN_ENUM_CONVERSION = YES;
				CLANG_WARN_INFINITE_RECURSION = YES;
				CLANG_WARN_INT_CONVERSION = YES;
				CLANG_WARN_NON_LITERAL_NULL_CONVERSION = YES;
				CLANG_WARN_OBJC_IMPLICIT_RETAIN_SELF = YES;
				CLANG_WARN_OBJC_LITERAL_CONVERSION = YES;
				CLANG_WARN_OBJC_ROOT_CLASS = YES_ERROR;
				CLANG_WARN_QUOTED_INCLUDE_IN_FRAMEWORK_HEADER = YES;
				CLANG_WARN_RANGE_LOOP_ANALYSIS = YES;
				CLANG_WARN_STRICT_PROTOTYPES = YES;
				CLANG_WARN_SUSPICIOUS_MOVE = YES;
				CLANG_WARN_UNGUARDED_AVAILABILITY = YES_AGGRESSIVE;
				CLANG_WARN_UNREACHABLE_CODE = YES;
				CLANG_WARN__DUPLICATE_METHOD_MATCH = YES;
				COPY_PHASE_STRIP = NO;
				DEBUG_INFORMATION_FORMAT = "dwarf-with-dsym";
				ENABLE_NS_ASSERTIONS = NO;
				ENABLE_STRICT_OBJC_MSGSEND = YES;
				GCC_C_LANGUAGE_STANDARD = gnu11;
				GCC_NO_COMMON_BLOCKS = YES;
				GCC_WARN_64_TO_32_BIT_CONVERSION = YES;
				GCC_WARN_ABOUT_RETURN_TYPE = YES_ERROR;
				GCC_WARN_UNDECLARED_SELECTOR = YES;
				GCC_WARN_UNINITIALIZED_AUTOS = YES_AGGRESSIVE;
				GCC_WARN_UNUSED_FUNCTION = YES;
				GCC_WARN_UNUSED_VARIABLE = YES;
				IPHONEOS_DEPLOYMENT_TARGET = 14.5;
				MTL_ENABLE_DEBUG_INFO = NO;
				MTL_FAST_MATH = YES;
				SDKROOT = iphoneos;
				SWIFT_COMPILATION_MODE = wholemodule;
				SWIFT_OPTIMIZATION_LEVEL = "-O";
				VALIDATE_PRODUCT = YES;
			};
			name = Release;
		};
		A6CE868F26E2688A00C437C1 /* Debug */ = {
			isa = XCBuildConfiguration;
			buildSettings = {
				ASSETCATALOG_COMPILER_APPICON_NAME = AppIcon;
				ASSETCATALOG_COMPILER_GLOBAL_ACCENT_COLOR_NAME = AccentColor;
				CODE_SIGN_STYLE = Automatic;
				INFOPLIST_FILE = PreWork/Info.plist;
				LD_RUNPATH_SEARCH_PATHS = (
					"$(inherited)",
					"@executable_path/Frameworks",
				);
				PRODUCT_BUNDLE_IDENTIFIER = memo.com.PreWork;
				PRODUCT_NAME = "$(TARGET_NAME)";
				SWIFT_VERSION = 5.0;
				TARGETED_DEVICE_FAMILY = "1,2";
			};
			name = Debug;
		};
		A6CE869026E2688A00C437C1 /* Release */ = {
			isa = XCBuildConfiguration;
			buildSettings = {
				ASSETCATALOG_COMPILER_APPICON_NAME = AppIcon;
				ASSETCATALOG_COMPILER_GLOBAL_ACCENT_COLOR_NAME = AccentColor;
				CODE_SIGN_STYLE = Automatic;
				INFOPLIST_FILE = PreWork/Info.plist;
				LD_RUNPATH_SEARCH_PATHS = (
					"$(inherited)",
					"@executable_path/Frameworks",
				);
				PRODUCT_BUNDLE_IDENTIFIER = memo.com.PreWork;
				PRODUCT_NAME = "$(TARGET_NAME)";
				SWIFT_VERSION = 5.0;
				TARGETED_DEVICE_FAMILY = "1,2";
			};
			name = Release;
		};
		A6CE869226E2688A00C437C1 /* Debug */ = {
			isa = XCBuildConfiguration;
			buildSettings = {
				ALWAYS_EMBED_SWIFT_STANDARD_LIBRARIES = YES;
				BUNDLE_LOADER = "$(TEST_HOST)";
				CODE_SIGN_STYLE = Automatic;
				INFOPLIST_FILE = PreWorkTests/Info.plist;
				IPHONEOS_DEPLOYMENT_TARGET = 14.5;
				LD_RUNPATH_SEARCH_PATHS = (
					"$(inherited)",
					"@executable_path/Frameworks",
					"@loader_path/Frameworks",
				);
				PRODUCT_BUNDLE_IDENTIFIER = memo.com.PreWorkTests;
				PRODUCT_NAME = "$(TARGET_NAME)";
				SWIFT_VERSION = 5.0;
				TARGETED_DEVICE_FAMILY = "1,2";
				TEST_HOST = "$(BUILT_PRODUCTS_DIR)/PreWork.app/PreWork";
			};
			name = Debug;
		};
		A6CE869326E2688A00C437C1 /* Release */ = {
			isa = XCBuildConfiguration;
			buildSettings = {
				ALWAYS_EMBED_SWIFT_STANDARD_LIBRARIES = YES;
				BUNDLE_LOADER = "$(TEST_HOST)";
				CODE_SIGN_STYLE = Automatic;
				INFOPLIST_FILE = PreWorkTests/Info.plist;
				IPHONEOS_DEPLOYMENT_TARGET = 14.5;
				LD_RUNPATH_SEARCH_PATHS = (
					"$(inherited)",
					"@executable_path/Frameworks",
					"@loader_path/Frameworks",
				);
				PRODUCT_BUNDLE_IDENTIFIER = memo.com.PreWorkTests;
				PRODUCT_NAME = "$(TARGET_NAME)";
				SWIFT_VERSION = 5.0;
				TARGETED_DEVICE_FAMILY = "1,2";
				TEST_HOST = "$(BUILT_PRODUCTS_DIR)/PreWork.app/PreWork";
			};
			name = Release;
		};
		A6CE869526E2688A00C437C1 /* Debug */ = {
			isa = XCBuildConfiguration;
			buildSettings = {
				ALWAYS_EMBED_SWIFT_STANDARD_LIBRARIES = YES;
				CODE_SIGN_STYLE = Automatic;
				INFOPLIST_FILE = PreWorkUITests/Info.plist;
				LD_RUNPATH_SEARCH_PATHS = (
					"$(inherited)",
					"@executable_path/Frameworks",
					"@loader_path/Frameworks",
				);
				PRODUCT_BUNDLE_IDENTIFIER = memo.com.PreWorkUITests;
				PRODUCT_NAME = "$(TARGET_NAME)";
				SWIFT_VERSION = 5.0;
				TARGETED_DEVICE_FAMILY = "1,2";
				TEST_TARGET_NAME = PreWork;
			};
			name = Debug;
		};
		A6CE869626E2688A00C437C1 /* Release */ = {
			isa = XCBuildConfiguration;
			buildSettings = {
				ALWAYS_EMBED_SWIFT_STANDARD_LIBRARIES = YES;
				CODE_SIGN_STYLE = Automatic;
				INFOPLIST_FILE = PreWorkUITests/Info.plist;
				LD_RUNPATH_SEARCH_PATHS = (
					"$(inherited)",
					"@executable_path/Frameworks",
					"@loader_path/Frameworks",
				);
				PRODUCT_BUNDLE_IDENTIFIER = memo.com.PreWorkUITests;
				PRODUCT_NAME = "$(TARGET_NAME)";
				SWIFT_VERSION = 5.0;
				TARGETED_DEVICE_FAMILY = "1,2";
				TEST_TARGET_NAME = PreWork;
			};
			name = Release;
		};
/* End XCBuildConfiguration section */

/* Begin XCConfigurationList section */
		A6CE865F26E2688500C437C1 /* Build configuration list for PBXProject "PreWork" */ = {
			isa = XCConfigurationList;
			buildConfigurations = (
				A6CE868C26E2688A00C437C1 /* Debug */,
				A6CE868D26E2688A00C437C1 /* Release */,
			);
			defaultConfigurationIsVisible = 0;
			defaultConfigurationName = Release;
		};
		A6CE868E26E2688A00C437C1 /* Build configuration list for PBXNativeTarget "PreWork" */ = {
			isa = XCConfigurationList;
			buildConfigurations = (
				A6CE868F26E2688A00C437C1 /* Debug */,
				A6CE869026E2688A00C437C1 /* Release */,
			);
			defaultConfigurationIsVisible = 0;
			defaultConfigurationName = Release;
		};
		A6CE869126E2688A00C437C1 /* Build configuration list for PBXNativeTarget "PreWorkTests" */ = {
			isa = XCConfigurationList;
			buildConfigurations = (
				A6CE869226E2688A00C437C1 /* Debug */,
				A6CE869326E2688A00C437C1 /* Release */,
			);
			defaultConfigurationIsVisible = 0;
			defaultConfigurationName = Release;
		};
		A6CE869426E2688A00C437C1 /* Build configuration list for PBXNativeTarget "PreWorkUITests" */ = {
			isa = XCConfigurationList;
			buildConfigurations = (
				A6CE869526E2688A00C437C1 /* Debug */,
				A6CE869626E2688A00C437C1 /* Release */,
			);
			defaultConfigurationIsVisible = 0;
			defaultConfigurationName = Release;
		};
/* End XCConfigurationList section */
	};
	rootObject = A6CE865C26E2688500C437C1 /* Project object */;
}
